
Microsoft Visual Studio Solution File, Format Version 12.00
# Visual Studio 2013
VisualStudioVersion = 12.0.31101.0
MinimumVisualStudioVersion = 10.0.40219.1
Project("{8BC9CEB8-8B4A-11D0-8D11-00A0C91BC942}") = "Engine", "Engine\Engine.vcxproj", "{6A194D3B-9F70-4963-8594-6A641224DE96}"
	ProjectSection(ProjectDependencies) = postProject
		{8D95943E-B1C3-488E-9BD5-5B4EC52F8351} = {8D95943E-B1C3-488E-9BD5-5B4EC52F8351}
		{FFF9B1E2-AA56-4A57-963A-9FBFE48531D2} = {FFF9B1E2-AA56-4A57-963A-9FBFE48531D2}
		{BB2223FC-D783-422D-80C7-5DF788A371A4} = {BB2223FC-D783-422D-80C7-5DF788A371A4}
	EndProjectSection
EndProject
Project("{8BC9CEB8-8B4A-11D0-8D11-00A0C91BC942}") = "BulletCollision", "BulletCollision\BulletCollision.vcxproj", "{8D95943E-B1C3-488E-9BD5-5B4EC52F8351}"
EndProject
Project("{8BC9CEB8-8B4A-11D0-8D11-00A0C91BC942}") = "BulletDynamics", "BulletDynamics\BulletDynamics.vcxproj", "{BB2223FC-D783-422D-80C7-5DF788A371A4}"
EndProject
Project("{8BC9CEB8-8B4A-11D0-8D11-00A0C91BC942}") = "LinearMath", "LinearMath\LinearMath.vcxproj", "{FFF9B1E2-AA56-4A57-963A-9FBFE48531D2}"
EndProject
Global
	GlobalSection(SolutionConfigurationPlatforms) = preSolution
		Debug|Win32 = Debug|Win32
		MinSizeRel|Win32 = MinSizeRel|Win32
		Release|Win32 = Release|Win32
		RelWithDebInfo|Win32 = RelWithDebInfo|Win32
	EndGlobalSection
	GlobalSection(ProjectConfigurationPlatforms) = postSolution
		{6A194D3B-9F70-4963-8594-6A641224DE96}.Debug|Win32.ActiveCfg = Debug|Win32
		{6A194D3B-9F70-4963-8594-6A641224DE96}.Debug|Win32.Build.0 = Debug|Win32
		{6A194D3B-9F70-4963-8594-6A641224DE96}.MinSizeRel|Win32.ActiveCfg = Release|Win32
		{6A194D3B-9F70-4963-8594-6A641224DE96}.MinSizeRel|Win32.Build.0 = Release|Win32
		{6A194D3B-9F70-4963-8594-6A641224DE96}.Release|Win32.ActiveCfg = Release|Win32
		{6A194D3B-9F70-4963-8594-6A641224DE96}.Release|Win32.Build.0 = Release|Win32
		{6A194D3B-9F70-4963-8594-6A641224DE96}.RelWithDebInfo|Win32.ActiveCfg = Release|Win32
		{6A194D3B-9F70-4963-8594-6A641224DE96}.RelWithDebInfo|Win32.Build.0 = Release|Win32
		{8D95943E-B1C3-488E-9BD5-5B4EC52F8351}.Debug|Win32.ActiveCfg = Debug|Win32
		{8D95943E-B1C3-488E-9BD5-5B4EC52F8351}.Debug|Win32.Build.0 = Debug|Win32
		{8D95943E-B1C3-488E-9BD5-5B4EC52F8351}.MinSizeRel|Win32.ActiveCfg = MinSizeRel|Win32
		{8D95943E-B1C3-488E-9BD5-5B4EC52F8351}.MinSizeRel|Win32.Build.0 = MinSizeRel|Win32
		{8D95943E-B1C3-488E-9BD5-5B4EC52F8351}.Release|Win32.ActiveCfg = Release|Win32
		{8D95943E-B1C3-488E-9BD5-5B4EC52F8351}.Release|Win32.Build.0 = Release|Win32
		{8D95943E-B1C3-488E-9BD5-5B4EC52F8351}.RelWithDebInfo|Win32.ActiveCfg = RelWithDebInfo|Win32
		{8D95943E-B1C3-488E-9BD5-5B4EC52F8351}.RelWithDebInfo|Win32.Build.0 = RelWithDebInfo|Win32
		{BB2223FC-D783-422D-80C7-5DF788A371A4}.Debug|Win32.ActiveCfg = Debug|Win32
		{BB2223FC-D783-422D-80C7-5DF788A371A4}.Debug|Win32.Build.0 = Debug|Win32
		{BB2223FC-D783-422D-80C7-5DF788A371A4}.MinSizeRel|Win32.ActiveCfg = MinSizeRel|Win32
		{BB2223FC-D783-422D-80C7-5DF788A371A4}.MinSizeRel|Win32.Build.0 = MinSizeRel|Win32
		{BB2223FC-D783-422D-80C7-5DF788A371A4}.Release|Win32.ActiveCfg = Release|Win32
		{BB2223FC-D783-422D-80C7-5DF788A371A4}.Release|Win32.Build.0 = Release|Win32
		{BB2223FC-D783-422D-80C7-5DF788A371A4}.RelWithDebInfo|Win32.ActiveCfg = RelWithDebInfo|Win32
		{BB2223FC-D783-422D-80C7-5DF788A371A4}.RelWithDebInfo|Win32.Build.0 = RelWithDebInfo|Win32
		{FFF9B1E2-AA56-4A57-963A-9FBFE48531D2}.Debug|Win32.ActiveCfg = Debug|Win32
		{FFF9B1E2-AA56-4A57-963A-9FBFE48531D2}.Debug|Win32.Build.0 = Debug|Win32
		{FFF9B1E2-AA56-4A57-963A-9FBFE48531D2}.MinSizeRel|Win32.ActiveCfg = MinSizeRel|Win32
		{FFF9B1E2-AA56-4A57-963A-9FBFE48531D2}.MinSizeRel|Win32.Build.0 = MinSizeRel|Win32
		{FFF9B1E2-AA56-4A57-963A-9FBFE48531D2}.Release|Win32.ActiveCfg = Release|Win32
		{FFF9B1E2-AA56-4A57-963A-9FBFE48531D2}.Release|Win32.Build.0 = Release|Win32
		{FFF9B1E2-AA56-4A57-963A-9FBFE48531D2}.RelWithDebInfo|Win32.ActiveCfg = RelWithDebInfo|Win32
		{FFF9B1E2-AA56-4A57-963A-9FBFE48531D2}.RelWithDebInfo|Win32.Build.0 = RelWithDebInfo|Win32
	EndGlobalSection
	GlobalSection(SolutionProperties) = preSolution
		HideSolutionNode = FALSE
	EndGlobalSection
EndGlobal
